
Microsoft Visual Studio Solution File, Format Version 12.00
# Visual Studio Version 17
VisualStudioVersion = 17.13.35919.96
MinimumVisualStudioVersion = 10.0.40219.1
Project("{FAE04EC0-301F-11D3-BF4B-00C04F79EFBC}") = "BeeFitnessTracker", "BeeFitnessTracker.csproj", "{C40B714D-1BC0-4D7A-8B5D-DEAF19ABB7FC}"
EndProject
Global
	GlobalSection(SolutionConfigurationPlatforms) = preSolution
		Debug|Any CPU = Debug|Any CPU
		Release|Any CPU = Release|Any CPU
	EndGlobalSection
	GlobalSection(ProjectConfigurationPlatforms) = postSolution
		{C40B714D-1BC0-4D7A-8B5D-DEAF19ABB7FC}.Debug|Any CPU.ActiveCfg = Debug|Any CPU
		{C40B714D-1BC0-4D7A-8B5D-DEAF19ABB7FC}.Debug|Any CPU.Build.0 = Debug|Any CPU
		{C40B714D-1BC0-4D7A-8B5D-DEAF19ABB7FC}.Release|Any CPU.ActiveCfg = Release|Any CPU
		{C40B714D-1BC0-4D7A-8B5D-DEAF19ABB7FC}.Release|Any CPU.Build.0 = Release|Any CPU
	EndGlobalSection
	GlobalSection(SolutionProperties) = preSolution
		HideSolutionNode = FALSE
	EndGlobalSection
	GlobalSection(ExtensibilityGlobals) = postSolution
		SolutionGuid = {E5CB9D92-EE8D-4391-87EA-09D60398EF79}
	EndGlobalSection
EndGlobal
